
Microsoft Visual Studio Solution File, Format Version 12.00
# Visual Studio Version 16
VisualStudioVersion = 16.0.31702.278
MinimumVisualStudioVersion = 10.0.40219.1
Project("{FAE04EC0-301F-11D3-BF4B-00C04F79EFBC}") = "SimpleLibrary", "SimpleLibrary\SimpleLibrary.csproj", "{694602A5-D329-4F9F-9D5A-2370F9F68864}"
EndProject
Global
	GlobalSection(SolutionConfigurationPlatforms) = preSolution
		Debug|Any CPU = Debug|Any CPU
		Release|Any CPU = Release|Any CPU
	EndGlobalSection
	GlobalSection(ProjectConfigurationPlatforms) = postSolution
		{694602A5-D329-4F9F-9D5A-2370F9F68864}.Debug|Any CPU.ActiveCfg = Debug|Any CPU
		{694602A5-D329-4F9F-9D5A-2370F9F68864}.Debug|Any CPU.Build.0 = Debug|Any CPU
		{694602A5-D329-4F9F-9D5A-2370F9F68864}.Release|Any CPU.ActiveCfg = Release|Any CPU
		{694602A5-D329-4F9F-9D5A-2370F9F68864}.Release|Any CPU.Build.0 = Release|Any CPU
	EndGlobalSection
	GlobalSection(SolutionProperties) = preSolution
		HideSolutionNode = FALSE
	EndGlobalSection
	GlobalSection(ExtensibilityGlobals) = postSolution
		SolutionGuid = {910D4C7E-C7B4-4E0C-BE5B-FBECAD3D65F8}
	EndGlobalSection
EndGlobal
