
Microsoft Visual Studio Solution File, Format Version 12.00
# Visual Studio Version 16
VisualStudioVersion = 16.0.31702.278
MinimumVisualStudioVersion = 10.0.40219.1
Project("{FAE04EC0-301F-11D3-BF4B-00C04F79EFBC}") = "NetFLibrary", "NetFLibrary\NetFLibrary.csproj", "{9059AD65-FC98-4A23-BE31-DCD0ACEF7096}"
EndProject
Global
	GlobalSection(SolutionConfigurationPlatforms) = preSolution
		Debug|Any CPU = Debug|Any CPU
		Release|Any CPU = Release|Any CPU
	EndGlobalSection
	GlobalSection(ProjectConfigurationPlatforms) = postSolution
		{9059AD65-FC98-4A23-BE31-DCD0ACEF7096}.Debug|Any CPU.ActiveCfg = Debug|Any CPU
		{9059AD65-FC98-4A23-BE31-DCD0ACEF7096}.Debug|Any CPU.Build.0 = Debug|Any CPU
		{9059AD65-FC98-4A23-BE31-DCD0ACEF7096}.Release|Any CPU.ActiveCfg = Release|Any CPU
		{9059AD65-FC98-4A23-BE31-DCD0ACEF7096}.Release|Any CPU.Build.0 = Release|Any CPU
	EndGlobalSection
	GlobalSection(SolutionProperties) = preSolution
		HideSolutionNode = FALSE
	EndGlobalSection
	GlobalSection(ExtensibilityGlobals) = postSolution
		SolutionGuid = {99D6D924-0CD4-426A-99FB-4B5FD6E4DE6C}
	EndGlobalSection
EndGlobal
